
Microsoft Visual Studio Solution File, Format Version 12.00
# Visual Studio 15
VisualStudioVersion = 15.0.28010.2050
MinimumVisualStudioVersion = 10.0.40219.1
Project("{FAE04EC0-301F-11D3-BF4B-00C04F79EFBC}") = "ListBook", "ListBook\ListBook.csproj", "{A3E4765E-93D1-4674-8BF2-243B45F7CB3C}"
EndProject
Global
	GlobalSection(SolutionConfigurationPlatforms) = preSolution
		Debug|Any CPU = Debug|Any CPU
		Release|Any CPU = Release|Any CPU
	EndGlobalSection
	GlobalSection(ProjectConfigurationPlatforms) = postSolution
		{A3E4765E-93D1-4674-8BF2-243B45F7CB3C}.Debug|Any CPU.ActiveCfg = Debug|Any CPU
		{A3E4765E-93D1-4674-8BF2-243B45F7CB3C}.Debug|Any CPU.Build.0 = Debug|Any CPU
		{A3E4765E-93D1-4674-8BF2-243B45F7CB3C}.Release|Any CPU.ActiveCfg = Release|Any CPU
		{A3E4765E-93D1-4674-8BF2-243B45F7CB3C}.Release|Any CPU.Build.0 = Release|Any CPU
	EndGlobalSection
	GlobalSection(SolutionProperties) = preSolution
		HideSolutionNode = FALSE
	EndGlobalSection
	GlobalSection(ExtensibilityGlobals) = postSolution
		SolutionGuid = {E1347290-EA5F-4007-866F-03C5B8D75AF9}
	EndGlobalSection
EndGlobal
